
Microsoft Visual Studio Solution File, Format Version 12.00
# Visual Studio Version 17
VisualStudioVersion = 17.3.32819.101
MinimumVisualStudioVersion = 10.0.40219.1
Project("{9A19103F-16F7-4668-BE54-9A1E7A4F7556}") = "01. Diagonal Difference", "01. Diagonal Difference.csproj", "{9E656C11-2A5F-4709-B7FA-25D3AAD70C27}"
EndProject
Project("{9A19103F-16F7-4668-BE54-9A1E7A4F7556}") = "02. Squares in Matrix", "..\02. Squares in Matrix\02. Squares in Matrix.csproj", "{3F27204C-74B9-4FFC-8718-6EF28FB7D256}"
EndProject
Project("{9A19103F-16F7-4668-BE54-9A1E7A4F7556}") = "03. Maximal Sum", "..\03. Maximal Sum\03. Maximal Sum.csproj", "{B8A68C15-F83E-429E-A5A6-345AC732F91E}"
EndProject
Project("{9A19103F-16F7-4668-BE54-9A1E7A4F7556}") = "04. Matrix Shuffling", "..\4. Matrix Shuffling\04. Matrix Shuffling.csproj", "{262BEC92-59FE-4D21-A1E7-BFF999DEF00C}"
EndProject
Project("{9A19103F-16F7-4668-BE54-9A1E7A4F7556}") = "05. Snake Moves", "..\05. Snake Moves\05. Snake Moves.csproj", "{9F49D084-090F-4702-93B2-FDE3782F6C12}"
EndProject
Global
	GlobalSection(SolutionConfigurationPlatforms) = preSolution
		Debug|Any CPU = Debug|Any CPU
		Release|Any CPU = Release|Any CPU
	EndGlobalSection
	GlobalSection(ProjectConfigurationPlatforms) = postSolution
		{9E656C11-2A5F-4709-B7FA-25D3AAD70C27}.Debug|Any CPU.ActiveCfg = Debug|Any CPU
		{9E656C11-2A5F-4709-B7FA-25D3AAD70C27}.Debug|Any CPU.Build.0 = Debug|Any CPU
		{9E656C11-2A5F-4709-B7FA-25D3AAD70C27}.Release|Any CPU.ActiveCfg = Release|Any CPU
		{9E656C11-2A5F-4709-B7FA-25D3AAD70C27}.Release|Any CPU.Build.0 = Release|Any CPU
		{3F27204C-74B9-4FFC-8718-6EF28FB7D256}.Debug|Any CPU.ActiveCfg = Debug|Any CPU
		{3F27204C-74B9-4FFC-8718-6EF28FB7D256}.Debug|Any CPU.Build.0 = Debug|Any CPU
		{3F27204C-74B9-4FFC-8718-6EF28FB7D256}.Release|Any CPU.ActiveCfg = Release|Any CPU
		{3F27204C-74B9-4FFC-8718-6EF28FB7D256}.Release|Any CPU.Build.0 = Release|Any CPU
		{B8A68C15-F83E-429E-A5A6-345AC732F91E}.Debug|Any CPU.ActiveCfg = Debug|Any CPU
		{B8A68C15-F83E-429E-A5A6-345AC732F91E}.Debug|Any CPU.Build.0 = Debug|Any CPU
		{B8A68C15-F83E-429E-A5A6-345AC732F91E}.Release|Any CPU.ActiveCfg = Release|Any CPU
		{B8A68C15-F83E-429E-A5A6-345AC732F91E}.Release|Any CPU.Build.0 = Release|Any CPU
		{262BEC92-59FE-4D21-A1E7-BFF999DEF00C}.Debug|Any CPU.ActiveCfg = Debug|Any CPU
		{262BEC92-59FE-4D21-A1E7-BFF999DEF00C}.Debug|Any CPU.Build.0 = Debug|Any CPU
		{262BEC92-59FE-4D21-A1E7-BFF999DEF00C}.Release|Any CPU.ActiveCfg = Release|Any CPU
		{262BEC92-59FE-4D21-A1E7-BFF999DEF00C}.Release|Any CPU.Build.0 = Release|Any CPU
		{9F49D084-090F-4702-93B2-FDE3782F6C12}.Debug|Any CPU.ActiveCfg = Debug|Any CPU
		{9F49D084-090F-4702-93B2-FDE3782F6C12}.Debug|Any CPU.Build.0 = Debug|Any CPU
		{9F49D084-090F-4702-93B2-FDE3782F6C12}.Release|Any CPU.ActiveCfg = Release|Any CPU
		{9F49D084-090F-4702-93B2-FDE3782F6C12}.Release|Any CPU.Build.0 = Release|Any CPU
	EndGlobalSection
	GlobalSection(SolutionProperties) = preSolution
		HideSolutionNode = FALSE
	EndGlobalSection
	GlobalSection(ExtensibilityGlobals) = postSolution
		SolutionGuid = {0CE557A5-0533-4EEF-9FDB-7FCBA17E337A}
	EndGlobalSection
EndGlobal
