
Microsoft Visual Studio Solution File, Format Version 12.00
# Visual Studio Version 17
VisualStudioVersion = 17.3.32819.101
MinimumVisualStudioVersion = 10.0.40219.1
Project("{FAE04EC0-301F-11D3-BF4B-00C04F79EFBC}") = "09. Pokemon Trainer", "09. Pokemon Trainer.csproj", "{820F66E5-811A-4A03-BE69-A46DA949A697}"
EndProject
Global
	GlobalSection(SolutionConfigurationPlatforms) = preSolution
		Debug|Any CPU = Debug|Any CPU
		Release|Any CPU = Release|Any CPU
	EndGlobalSection
	GlobalSection(ProjectConfigurationPlatforms) = postSolution
		{820F66E5-811A-4A03-BE69-A46DA949A697}.Debug|Any CPU.ActiveCfg = Debug|Any CPU
		{820F66E5-811A-4A03-BE69-A46DA949A697}.Debug|Any CPU.Build.0 = Debug|Any CPU
		{820F66E5-811A-4A03-BE69-A46DA949A697}.Release|Any CPU.ActiveCfg = Release|Any CPU
		{820F66E5-811A-4A03-BE69-A46DA949A697}.Release|Any CPU.Build.0 = Release|Any CPU
	EndGlobalSection
	GlobalSection(SolutionProperties) = preSolution
		HideSolutionNode = FALSE
	EndGlobalSection
	GlobalSection(ExtensibilityGlobals) = postSolution
		SolutionGuid = {A13C6924-BF39-47C5-A603-84B11395C55F}
	EndGlobalSection
EndGlobal
