
Microsoft Visual Studio Solution File, Format Version 12.00
# Visual Studio Version 17
VisualStudioVersion = 17.3.32819.101
MinimumVisualStudioVersion = 10.0.40219.1
Project("{FAE04EC0-301F-11D3-BF4B-00C04F79EFBC}") = "01. Rubber Duck Debugers", "01. Rubber Duck Debugers.csproj", "{9057C380-116D-4825-80B1-0B82024B073C}"
EndProject
Global
	GlobalSection(SolutionConfigurationPlatforms) = preSolution
		Debug|Any CPU = Debug|Any CPU
		Release|Any CPU = Release|Any CPU
	EndGlobalSection
	GlobalSection(ProjectConfigurationPlatforms) = postSolution
		{9057C380-116D-4825-80B1-0B82024B073C}.Debug|Any CPU.ActiveCfg = Debug|Any CPU
		{9057C380-116D-4825-80B1-0B82024B073C}.Debug|Any CPU.Build.0 = Debug|Any CPU
		{9057C380-116D-4825-80B1-0B82024B073C}.Release|Any CPU.ActiveCfg = Release|Any CPU
		{9057C380-116D-4825-80B1-0B82024B073C}.Release|Any CPU.Build.0 = Release|Any CPU
	EndGlobalSection
	GlobalSection(SolutionProperties) = preSolution
		HideSolutionNode = FALSE
	EndGlobalSection
	GlobalSection(ExtensibilityGlobals) = postSolution
		SolutionGuid = {54440FBD-3D2D-4F64-AFD1-986979BFEFD0}
	EndGlobalSection
EndGlobal
