
Microsoft Visual Studio Solution File, Format Version 12.00
# Visual Studio Version 17
VisualStudioVersion = 17.3.32819.101
MinimumVisualStudioVersion = 10.0.40219.1
Project("{9A19103F-16F7-4668-BE54-9A1E7A4F7556}") = "01. Sum Matrix Elements", "01. Sum Matrix Elements.csproj", "{EE2EBF1D-1278-48EA-A6F7-1E186696A9A6}"
EndProject
Project("{FAE04EC0-301F-11D3-BF4B-00C04F79EFBC}") = "02. Sum Matrix Columns", "..\02. Sum Matrix Columns\02. Sum Matrix Columns.csproj", "{242A571E-8125-46F3-B148-96AF528F5A4B}"
EndProject
Project("{FAE04EC0-301F-11D3-BF4B-00C04F79EFBC}") = "03. Primary Diagonal", "..\03. Primary Diagonal\03. Primary Diagonal.csproj", "{6F53A62C-0436-40AF-A042-156388655E64}"
EndProject
Project("{FAE04EC0-301F-11D3-BF4B-00C04F79EFBC}") = "04. Symbol in Matrix", "..\04. Symbol in Matrix\04. Symbol in Matrix.csproj", "{ACEC22CE-7180-49CE-81A4-8DC76DEC87E2}"
EndProject
Global
	GlobalSection(SolutionConfigurationPlatforms) = preSolution
		Debug|Any CPU = Debug|Any CPU
		Release|Any CPU = Release|Any CPU
	EndGlobalSection
	GlobalSection(ProjectConfigurationPlatforms) = postSolution
		{EE2EBF1D-1278-48EA-A6F7-1E186696A9A6}.Debug|Any CPU.ActiveCfg = Debug|Any CPU
		{EE2EBF1D-1278-48EA-A6F7-1E186696A9A6}.Debug|Any CPU.Build.0 = Debug|Any CPU
		{EE2EBF1D-1278-48EA-A6F7-1E186696A9A6}.Release|Any CPU.ActiveCfg = Release|Any CPU
		{EE2EBF1D-1278-48EA-A6F7-1E186696A9A6}.Release|Any CPU.Build.0 = Release|Any CPU
		{242A571E-8125-46F3-B148-96AF528F5A4B}.Debug|Any CPU.ActiveCfg = Debug|Any CPU
		{242A571E-8125-46F3-B148-96AF528F5A4B}.Debug|Any CPU.Build.0 = Debug|Any CPU
		{242A571E-8125-46F3-B148-96AF528F5A4B}.Release|Any CPU.ActiveCfg = Release|Any CPU
		{242A571E-8125-46F3-B148-96AF528F5A4B}.Release|Any CPU.Build.0 = Release|Any CPU
		{6F53A62C-0436-40AF-A042-156388655E64}.Debug|Any CPU.ActiveCfg = Debug|Any CPU
		{6F53A62C-0436-40AF-A042-156388655E64}.Debug|Any CPU.Build.0 = Debug|Any CPU
		{6F53A62C-0436-40AF-A042-156388655E64}.Release|Any CPU.ActiveCfg = Release|Any CPU
		{6F53A62C-0436-40AF-A042-156388655E64}.Release|Any CPU.Build.0 = Release|Any CPU
		{ACEC22CE-7180-49CE-81A4-8DC76DEC87E2}.Debug|Any CPU.ActiveCfg = Debug|Any CPU
		{ACEC22CE-7180-49CE-81A4-8DC76DEC87E2}.Debug|Any CPU.Build.0 = Debug|Any CPU
		{ACEC22CE-7180-49CE-81A4-8DC76DEC87E2}.Release|Any CPU.ActiveCfg = Release|Any CPU
		{ACEC22CE-7180-49CE-81A4-8DC76DEC87E2}.Release|Any CPU.Build.0 = Release|Any CPU
	EndGlobalSection
	GlobalSection(SolutionProperties) = preSolution
		HideSolutionNode = FALSE
	EndGlobalSection
	GlobalSection(ExtensibilityGlobals) = postSolution
		SolutionGuid = {62F2A7B3-E1A7-4814-911C-E7A146C446DB}
	EndGlobalSection
EndGlobal
