
Microsoft Visual Studio Solution File, Format Version 12.00
# Visual Studio Version 17
VisualStudioVersion = 17.3.32819.101
MinimumVisualStudioVersion = 10.0.40219.1
Project("{FAE04EC0-301F-11D3-BF4B-00C04F79EFBC}") = "06. Speed Racing", "06. Speed Racing.csproj", "{330D7BE0-D807-40E1-AA12-B91A0453743E}"
EndProject
Global
	GlobalSection(SolutionConfigurationPlatforms) = preSolution
		Debug|Any CPU = Debug|Any CPU
		Release|Any CPU = Release|Any CPU
	EndGlobalSection
	GlobalSection(ProjectConfigurationPlatforms) = postSolution
		{330D7BE0-D807-40E1-AA12-B91A0453743E}.Debug|Any CPU.ActiveCfg = Debug|Any CPU
		{330D7BE0-D807-40E1-AA12-B91A0453743E}.Debug|Any CPU.Build.0 = Debug|Any CPU
		{330D7BE0-D807-40E1-AA12-B91A0453743E}.Release|Any CPU.ActiveCfg = Release|Any CPU
		{330D7BE0-D807-40E1-AA12-B91A0453743E}.Release|Any CPU.Build.0 = Release|Any CPU
	EndGlobalSection
	GlobalSection(SolutionProperties) = preSolution
		HideSolutionNode = FALSE
	EndGlobalSection
	GlobalSection(ExtensibilityGlobals) = postSolution
		SolutionGuid = {67741418-EA8A-461F-A170-30AAF9418C6F}
	EndGlobalSection
EndGlobal
