
Microsoft Visual Studio Solution File, Format Version 12.00
# Visual Studio Version 17
VisualStudioVersion = 17.3.32819.101
MinimumVisualStudioVersion = 10.0.40219.1
Project("{9A19103F-16F7-4668-BE54-9A1E7A4F7556}") = "02. Knights of Honor", "02. Knights of Honor.csproj", "{49F4D912-980C-415C-9724-902C7466788F}"
EndProject
Project("{9A19103F-16F7-4668-BE54-9A1E7A4F7556}") = "03. Custom Min Function", "..\03. Custom Min Function\03. Custom Min Function.csproj", "{4C2B3D4D-5B68-4FBF-B6AA-C335C245C1FB}"
EndProject
Project("{9A19103F-16F7-4668-BE54-9A1E7A4F7556}") = "04. Find Evens or Odds", "..\04. Find Evens or Odds\04. Find Evens or Odds.csproj", "{C710D21B-0A70-45C9-9B28-A4B7E092387D}"
EndProject
Project("{9A19103F-16F7-4668-BE54-9A1E7A4F7556}") = "05. Applied Arithmetics", "..\05. Applied Arithmetics\05. Applied Arithmetics.csproj", "{8D474E37-72A5-4618-91E2-5789D85E5E51}"
EndProject
Project("{9A19103F-16F7-4668-BE54-9A1E7A4F7556}") = "00.Demos", "..\00.Demos\00.Demos.csproj", "{E2B298E8-9595-46D6-9F8F-A046A1308110}"
EndProject
Project("{9A19103F-16F7-4668-BE54-9A1E7A4F7556}") = "06. Reverse And Exclude", "..\06. Reverse And Exclude\06. Reverse And Exclude.csproj", "{E43739A4-9B54-45DC-B236-A0C3897DA821}"
EndProject
Project("{9A19103F-16F7-4668-BE54-9A1E7A4F7556}") = "07. Predicate For Names", "..\07. Predicate For Names\07. Predicate For Names.csproj", "{ED3550E6-B5A9-4A23-BB86-011DE5E86B9B}"
EndProject
Project("{9A19103F-16F7-4668-BE54-9A1E7A4F7556}") = "08. List Of Predicates", "..\08. List Of Predicates\08. List Of Predicates.csproj", "{007D199C-71C4-454B-A92F-9C0C424A5107}"
EndProject
Project("{9A19103F-16F7-4668-BE54-9A1E7A4F7556}") = "09. Predicate Party!", "..\09. Predicate Party!\09. Predicate Party!.csproj", "{00DC0005-5ED4-4E5B-A1C3-B4C19EA8CAD6}"
EndProject
Project("{9A19103F-16F7-4668-BE54-9A1E7A4F7556}") = "11. TriFunction", "..\11. TriFunction\11. TriFunction.csproj", "{0E179FE2-12C6-49A3-A5D1-0540065DB016}"
EndProject
Project("{FAE04EC0-301F-11D3-BF4B-00C04F79EFBC}") = "10. The Party Reservation Filter Module", "..\10. The Party Reservation Filter Module\10. The Party Reservation Filter Module.csproj", "{418B69F9-1EED-4E4C-8D79-3480A30BB9E0}"
EndProject
Global
	GlobalSection(SolutionConfigurationPlatforms) = preSolution
		Debug|Any CPU = Debug|Any CPU
		Release|Any CPU = Release|Any CPU
	EndGlobalSection
	GlobalSection(ProjectConfigurationPlatforms) = postSolution
		{49F4D912-980C-415C-9724-902C7466788F}.Debug|Any CPU.ActiveCfg = Debug|Any CPU
		{49F4D912-980C-415C-9724-902C7466788F}.Debug|Any CPU.Build.0 = Debug|Any CPU
		{49F4D912-980C-415C-9724-902C7466788F}.Release|Any CPU.ActiveCfg = Release|Any CPU
		{49F4D912-980C-415C-9724-902C7466788F}.Release|Any CPU.Build.0 = Release|Any CPU
		{4C2B3D4D-5B68-4FBF-B6AA-C335C245C1FB}.Debug|Any CPU.ActiveCfg = Debug|Any CPU
		{4C2B3D4D-5B68-4FBF-B6AA-C335C245C1FB}.Debug|Any CPU.Build.0 = Debug|Any CPU
		{4C2B3D4D-5B68-4FBF-B6AA-C335C245C1FB}.Release|Any CPU.ActiveCfg = Release|Any CPU
		{4C2B3D4D-5B68-4FBF-B6AA-C335C245C1FB}.Release|Any CPU.Build.0 = Release|Any CPU
		{C710D21B-0A70-45C9-9B28-A4B7E092387D}.Debug|Any CPU.ActiveCfg = Debug|Any CPU
		{C710D21B-0A70-45C9-9B28-A4B7E092387D}.Debug|Any CPU.Build.0 = Debug|Any CPU
		{C710D21B-0A70-45C9-9B28-A4B7E092387D}.Release|Any CPU.ActiveCfg = Release|Any CPU
		{C710D21B-0A70-45C9-9B28-A4B7E092387D}.Release|Any CPU.Build.0 = Release|Any CPU
		{8D474E37-72A5-4618-91E2-5789D85E5E51}.Debug|Any CPU.ActiveCfg = Debug|Any CPU
		{8D474E37-72A5-4618-91E2-5789D85E5E51}.Debug|Any CPU.Build.0 = Debug|Any CPU
		{8D474E37-72A5-4618-91E2-5789D85E5E51}.Release|Any CPU.ActiveCfg = Release|Any CPU
		{8D474E37-72A5-4618-91E2-5789D85E5E51}.Release|Any CPU.Build.0 = Release|Any CPU
		{E2B298E8-9595-46D6-9F8F-A046A1308110}.Debug|Any CPU.ActiveCfg = Debug|Any CPU
		{E2B298E8-9595-46D6-9F8F-A046A1308110}.Debug|Any CPU.Build.0 = Debug|Any CPU
		{E2B298E8-9595-46D6-9F8F-A046A1308110}.Release|Any CPU.ActiveCfg = Release|Any CPU
		{E2B298E8-9595-46D6-9F8F-A046A1308110}.Release|Any CPU.Build.0 = Release|Any CPU
		{E43739A4-9B54-45DC-B236-A0C3897DA821}.Debug|Any CPU.ActiveCfg = Debug|Any CPU
		{E43739A4-9B54-45DC-B236-A0C3897DA821}.Debug|Any CPU.Build.0 = Debug|Any CPU
		{E43739A4-9B54-45DC-B236-A0C3897DA821}.Release|Any CPU.ActiveCfg = Release|Any CPU
		{E43739A4-9B54-45DC-B236-A0C3897DA821}.Release|Any CPU.Build.0 = Release|Any CPU
		{ED3550E6-B5A9-4A23-BB86-011DE5E86B9B}.Debug|Any CPU.ActiveCfg = Debug|Any CPU
		{ED3550E6-B5A9-4A23-BB86-011DE5E86B9B}.Debug|Any CPU.Build.0 = Debug|Any CPU
		{ED3550E6-B5A9-4A23-BB86-011DE5E86B9B}.Release|Any CPU.ActiveCfg = Release|Any CPU
		{ED3550E6-B5A9-4A23-BB86-011DE5E86B9B}.Release|Any CPU.Build.0 = Release|Any CPU
		{007D199C-71C4-454B-A92F-9C0C424A5107}.Debug|Any CPU.ActiveCfg = Debug|Any CPU
		{007D199C-71C4-454B-A92F-9C0C424A5107}.Debug|Any CPU.Build.0 = Debug|Any CPU
		{007D199C-71C4-454B-A92F-9C0C424A5107}.Release|Any CPU.ActiveCfg = Release|Any CPU
		{007D199C-71C4-454B-A92F-9C0C424A5107}.Release|Any CPU.Build.0 = Release|Any CPU
		{00DC0005-5ED4-4E5B-A1C3-B4C19EA8CAD6}.Debug|Any CPU.ActiveCfg = Debug|Any CPU
		{00DC0005-5ED4-4E5B-A1C3-B4C19EA8CAD6}.Debug|Any CPU.Build.0 = Debug|Any CPU
		{00DC0005-5ED4-4E5B-A1C3-B4C19EA8CAD6}.Release|Any CPU.ActiveCfg = Release|Any CPU
		{00DC0005-5ED4-4E5B-A1C3-B4C19EA8CAD6}.Release|Any CPU.Build.0 = Release|Any CPU
		{0E179FE2-12C6-49A3-A5D1-0540065DB016}.Debug|Any CPU.ActiveCfg = Debug|Any CPU
		{0E179FE2-12C6-49A3-A5D1-0540065DB016}.Debug|Any CPU.Build.0 = Debug|Any CPU
		{0E179FE2-12C6-49A3-A5D1-0540065DB016}.Release|Any CPU.ActiveCfg = Release|Any CPU
		{0E179FE2-12C6-49A3-A5D1-0540065DB016}.Release|Any CPU.Build.0 = Release|Any CPU
		{418B69F9-1EED-4E4C-8D79-3480A30BB9E0}.Debug|Any CPU.ActiveCfg = Debug|Any CPU
		{418B69F9-1EED-4E4C-8D79-3480A30BB9E0}.Debug|Any CPU.Build.0 = Debug|Any CPU
		{418B69F9-1EED-4E4C-8D79-3480A30BB9E0}.Release|Any CPU.ActiveCfg = Release|Any CPU
		{418B69F9-1EED-4E4C-8D79-3480A30BB9E0}.Release|Any CPU.Build.0 = Release|Any CPU
	EndGlobalSection
	GlobalSection(SolutionProperties) = preSolution
		HideSolutionNode = FALSE
	EndGlobalSection
	GlobalSection(ExtensibilityGlobals) = postSolution
		SolutionGuid = {02459B72-6795-4FAE-B973-94FDB0031712}
	EndGlobalSection
EndGlobal
